
Microsoft Visual Studio Solution File, Format Version 12.00
# Visual Studio 15
VisualStudioVersion = 15.0.28307.902
MinimumVisualStudioVersion = 10.0.40219.1
Project("{FAE04EC0-301F-11D3-BF4B-00C04F79EFBC}") = "LatvanyossagokApplication", "LatvanyossagokApplication\LatvanyossagokApplication.csproj", "{4F0E10CA-9CAC-49C1-9D2B-12CA43108819}"
EndProject
Global
	GlobalSection(SolutionConfigurationPlatforms) = preSolution
		Debug|Any CPU = Debug|Any CPU
		Release|Any CPU = Release|Any CPU
	EndGlobalSection
	GlobalSection(ProjectConfigurationPlatforms) = postSolution
		{4F0E10CA-9CAC-49C1-9D2B-12CA43108819}.Debug|Any CPU.ActiveCfg = Debug|Any CPU
		{4F0E10CA-9CAC-49C1-9D2B-12CA43108819}.Debug|Any CPU.Build.0 = Debug|Any CPU
		{4F0E10CA-9CAC-49C1-9D2B-12CA43108819}.Release|Any CPU.ActiveCfg = Release|Any CPU
		{4F0E10CA-9CAC-49C1-9D2B-12CA43108819}.Release|Any CPU.Build.0 = Release|Any CPU
	EndGlobalSection
	GlobalSection(SolutionProperties) = preSolution
		HideSolutionNode = FALSE
	EndGlobalSection
	GlobalSection(ExtensibilityGlobals) = postSolution
		SolutionGuid = {B687C1E8-4325-41AE-99DD-8524C9C734B0}
	EndGlobalSection
EndGlobal
